
Microsoft Visual Studio Solution File, Format Version 12.00
# Visual Studio Version 16
VisualStudioVersion = 16.0.31005.135
MinimumVisualStudioVersion = 10.0.40219.1
Project("{FAE04EC0-301F-11D3-BF4B-00C04F79EFBC}") = "XamReadTextFile", "XamReadTextFile.csproj", "{206E50FD-E274-4E13-B4A2-E1F7B6EBD993}"
EndProject
Global
	GlobalSection(SolutionConfigurationPlatforms) = preSolution
		Debug|Any CPU = Debug|Any CPU
		Release|Any CPU = Release|Any CPU
	EndGlobalSection
	GlobalSection(ProjectConfigurationPlatforms) = postSolution
		{206E50FD-E274-4E13-B4A2-E1F7B6EBD993}.Debug|Any CPU.ActiveCfg = Debug|Any CPU
		{206E50FD-E274-4E13-B4A2-E1F7B6EBD993}.Debug|Any CPU.Build.0 = Debug|Any CPU
		{206E50FD-E274-4E13-B4A2-E1F7B6EBD993}.Debug|Any CPU.Deploy.0 = Debug|Any CPU
		{206E50FD-E274-4E13-B4A2-E1F7B6EBD993}.Release|Any CPU.ActiveCfg = Release|Any CPU
		{206E50FD-E274-4E13-B4A2-E1F7B6EBD993}.Release|Any CPU.Build.0 = Release|Any CPU
		{206E50FD-E274-4E13-B4A2-E1F7B6EBD993}.Release|Any CPU.Deploy.0 = Release|Any CPU
	EndGlobalSection
	GlobalSection(SolutionProperties) = preSolution
		HideSolutionNode = FALSE
	EndGlobalSection
	GlobalSection(ExtensibilityGlobals) = postSolution
		SolutionGuid = {92FF39EC-A062-4A8B-8EB9-411A36EF2FDD}
	EndGlobalSection
EndGlobal
